{
  "originHash" : "c8f2eadd37504188494ed62387e58dd938957f48c6e1ab9aa1d945a6251fac7a",
  "pins" : [
    {
      "identity" : "godot-swift-tree",
      "kind" : "remoteSourceControl",
      "location" : "https://github.com/tomwyr/godot-swift-tree",
      "state" : {
        "revision" : "ca0adb927c84acb8cb7bf316041d5b844c6d8e86",
        "version" : "1.0.0"
      }
    },
    {
      "identity" : "swift-argument-parser",
      "kind" : "remoteSourceControl",
      "location" : "https://github.com/apple/swift-argument-parser",
      "state" : {
        "revision" : "41982a3656a71c768319979febd796c6fd111d5c",
        "version" : "1.5.0"
      }
    },
    {
      "identity" : "swift-syntax",
      "kind" : "remoteSourceControl",
      "location" : "https://github.com/swiftlang/swift-syntax",
      "state" : {
        "revision" : "0687f71944021d616d34d922343dcef086855920",
        "version" : "600.0.1"
      }
    },
    {
      "identity" : "swiftgodot",
      "kind" : "remoteSourceControl",
      "location" : "https://github.com/migueldeicaza/SwiftGodot",
      "state" : {
        "branch" : "main",
        "revision" : "15079008c22ac9c290886099157639acae665c43"
      }
    }
  ],
  "version" : 3
}
