{
  "originHash" : "4af3294557c1be81b8f2114f531228bff01cfaab841ad3e8488bee9b32533636",
  "pins" : [
    {
      "identity" : "godot-swift-tree",
      "kind" : "remoteSourceControl",
      "location" : "https://github.com/tomwyr/godot-swift-tree",
      "state" : {
        "branch" : "master",
        "revision" : "98c9b60cabfcf596d6d24fab0104847c3a2178a8"
      }
    },
    {
      "identity" : "swift-argument-parser",
      "kind" : "remoteSourceControl",
      "location" : "https://github.com/apple/swift-argument-parser",
      "state" : {
        "revision" : "41982a3656a71c768319979febd796c6fd111d5c",
        "version" : "1.5.0"
      }
    },
    {
      "identity" : "swift-syntax",
      "kind" : "remoteSourceControl",
      "location" : "https://github.com/swiftlang/swift-syntax",
      "state" : {
        "revision" : "0687f71944021d616d34d922343dcef086855920",
        "version" : "600.0.1"
      }
    },
    {
      "identity" : "swiftgodot",
      "kind" : "remoteSourceControl",
      "location" : "https://github.com/migueldeicaza/SwiftGodot",
      "state" : {
        "branch" : "main",
        "revision" : "15079008c22ac9c290886099157639acae665c43"
      }
    }
  ],
  "version" : 3
}
