{
  "originHash" : "c9449c731e8b01bebac0fc1daab69eebd4f25214bbb7109fa83d6ff8505f2434",
  "pins" : [
    {
      "identity" : "godot-swift-tree",
      "kind" : "remoteSourceControl",
      "location" : "https://github.com/tomwyr/godot-swift-tree",
      "state" : {
        "branch" : "master",
        "revision" : "f113f87c6ef0a03e7aeadafb0034ea01708c32a2"
      }
    },
    {
      "identity" : "swift-argument-parser",
      "kind" : "remoteSourceControl",
      "location" : "https://github.com/apple/swift-argument-parser",
      "state" : {
        "revision" : "41982a3656a71c768319979febd796c6fd111d5c",
        "version" : "1.5.0"
      }
    },
    {
      "identity" : "swift-syntax",
      "kind" : "remoteSourceControl",
      "location" : "https://github.com/swiftlang/swift-syntax",
      "state" : {
        "revision" : "0687f71944021d616d34d922343dcef086855920",
        "version" : "600.0.1"
      }
    },
    {
      "identity" : "swiftgodot",
      "kind" : "remoteSourceControl",
      "location" : "https://github.com/migueldeicaza/SwiftGodot",
      "state" : {
        "branch" : "main",
        "revision" : "20d2d7a35d2ad392ec556219ea004da14ab7c1d4"
      }
    }
  ],
  "version" : 3
}
